
Microsoft Visual Studio Solution File, Format Version 12.00
# Visual Studio Version 16
VisualStudioVersion = 16.0.31911.196
MinimumVisualStudioVersion = 10.0.40219.1
Project("{FAE04EC0-301F-11D3-BF4B-00C04F79EFBC}") = "Sample_Project", "Sample_Project.csproj", "{1A8CD022-E457-412A-ACB4-9C4969F31D02}"
EndProject
Global
	GlobalSection(SolutionConfigurationPlatforms) = preSolution
		Debug|Any CPU = Debug|Any CPU
		Release|Any CPU = Release|Any CPU
	EndGlobalSection
	GlobalSection(ProjectConfigurationPlatforms) = postSolution
		{1A8CD022-E457-412A-ACB4-9C4969F31D02}.Debug|Any CPU.ActiveCfg = Debug|Any CPU
		{1A8CD022-E457-412A-ACB4-9C4969F31D02}.Debug|Any CPU.Build.0 = Debug|Any CPU
		{1A8CD022-E457-412A-ACB4-9C4969F31D02}.Release|Any CPU.ActiveCfg = Release|Any CPU
		{1A8CD022-E457-412A-ACB4-9C4969F31D02}.Release|Any CPU.Build.0 = Release|Any CPU
	EndGlobalSection
	GlobalSection(SolutionProperties) = preSolution
		HideSolutionNode = FALSE
	EndGlobalSection
	GlobalSection(ExtensibilityGlobals) = postSolution
		SolutionGuid = {8D1D0713-C86D-449F-B8DA-CBFE5ADD6F17}
	EndGlobalSection
EndGlobal
